// !$*UTF8*$!
{
	archiveVersion = 1;
	classes = {
	};
	objectVersion = 48;
	objects = {

/* Begin PBXBuildFile section */
		22F56F861FB88D3F00BFA46D /* ResultViewController.swift in Sources */ = {isa = PBXBuildFile; fileRef = 22F56F851FB88D3F00BFA46D /* ResultViewController.swift */; };
		A36AE9BE1FB643FE00170C57 /* AppDelegate.swift in Sources */ = {isa = PBXBuildFile; fileRef = A36AE9BD1FB643FE00170C57 /* AppDelegate.swift */; };
		A36AE9C01FB643FE00170C57 /* ViewController.swift in Sources */ = {isa = PBXBuildFile; fileRef = A36AE9BF1FB643FE00170C57 /* ViewController.swift */; };
		A36AE9C51FB643FE00170C57 /* Assets.xcassets in Resources */ = {isa = PBXBuildFile; fileRef = A36AE9C41FB643FE00170C57 /* Assets.xcassets */; };
		A36AE9C81FB643FE00170C57 /* LaunchScreen.storyboard in Resources */ = {isa = PBXBuildFile; fileRef = A36AE9C61FB643FE00170C57 /* LaunchScreen.storyboard */; };
		A36AE9D31FB643FE00170C57 /* TimeKillerTests.swift in Sources */ = {isa = PBXBuildFile; fileRef = A36AE9D21FB643FE00170C57 /* TimeKillerTests.swift */; };
		A36AE9DE1FB643FE00170C57 /* TimeKillerUITests.swift in Sources */ = {isa = PBXBuildFile; fileRef = A36AE9DD1FB643FE00170C57 /* TimeKillerUITests.swift */; };
		A36AE9EC1FB713C700170C57 /* TimeView.swift in Sources */ = {isa = PBXBuildFile; fileRef = A36AE9EB1FB713C700170C57 /* TimeView.swift */; };
		A36AE9EE1FB761E700170C57 /* FileController.swift in Sources */ = {isa = PBXBuildFile; fileRef = A36AE9ED1FB761E700170C57 /* FileController.swift */; };
		E648B02B1FB877F1009CE3FE /* ChooseModeViewController.swift in Sources */ = {isa = PBXBuildFile; fileRef = E648B02A1FB877F1009CE3FE /* ChooseModeViewController.swift */; };
		E648B02D1FB883A4009CE3FE /* ChooseDifficultyViewController.swift in Sources */ = {isa = PBXBuildFile; fileRef = E648B02C1FB883A4009CE3FE /* ChooseDifficultyViewController.swift */; };
		E6DA4E651FB854CD0021FE56 /* Main.storyboard in Resources */ = {isa = PBXBuildFile; fileRef = E6DA4E641FB854CD0021FE56 /* Main.storyboard */; };
		E6DA4E681FB85F020021FE56 /* StartViewController.swift in Sources */ = {isa = PBXBuildFile; fileRef = E6DA4E671FB85F020021FE56 /* StartViewController.swift */; };
		E6DA4E691FB860400021FE56 /* GodzillaRegular.ttf in Resources */ = {isa = PBXBuildFile; fileRef = E6DA4E661FB856BD0021FE56 /* GodzillaRegular.ttf */; };
		E6DA4E6B1FB86F520021FE56 /* TimerManager.swift in Sources */ = {isa = PBXBuildFile; fileRef = E6DA4E6A1FB86F520021FE56 /* TimerManager.swift */; };
/* End PBXBuildFile section */

/* Begin PBXContainerItemProxy section */
		A36AE9CF1FB643FE00170C57 /* PBXContainerItemProxy */ = {
			isa = PBXContainerItemProxy;
			containerPortal = A36AE9B21FB643FE00170C57 /* Project object */;
			proxyType = 1;
			remoteGlobalIDString = A36AE9B91FB643FE00170C57;
			remoteInfo = TimeKiller;
		};
		A36AE9DA1FB643FE00170C57 /* PBXContainerItemProxy */ = {
			isa = PBXContainerItemProxy;
			containerPortal = A36AE9B21FB643FE00170C57 /* Project object */;
			proxyType = 1;
			remoteGlobalIDString = A36AE9B91FB643FE00170C57;
			remoteInfo = TimeKiller;
		};
/* End PBXContainerItemProxy section */

/* Begin PBXFileReference section */
		22F56F851FB88D3F00BFA46D /* ResultViewController.swift */ = {isa = PBXFileReference; lastKnownFileType = sourcecode.swift; path = ResultViewController.swift; sourceTree = "<group>"; };
		A36AE9BA1FB643FE00170C57 /* TimeKiller.app */ = {isa = PBXFileReference; explicitFileType = wrapper.application; includeInIndex = 0; path = TimeKiller.app; sourceTree = BUILT_PRODUCTS_DIR; };
		A36AE9BD1FB643FE00170C57 /* AppDelegate.swift */ = {isa = PBXFileReference; lastKnownFileType = sourcecode.swift; path = AppDelegate.swift; sourceTree = "<group>"; };
		A36AE9BF1FB643FE00170C57 /* ViewController.swift */ = {isa = PBXFileReference; lastKnownFileType = sourcecode.swift; path = ViewController.swift; sourceTree = "<group>"; };
		A36AE9C41FB643FE00170C57 /* Assets.xcassets */ = {isa = PBXFileReference; lastKnownFileType = folder.assetcatalog; path = Assets.xcassets; sourceTree = "<group>"; };
		A36AE9C71FB643FE00170C57 /* Base */ = {isa = PBXFileReference; lastKnownFileType = file.storyboard; name = Base; path = Base.lproj/LaunchScreen.storyboard; sourceTree = "<group>"; };
		A36AE9C91FB643FE00170C57 /* Info.plist */ = {isa = PBXFileReference; lastKnownFileType = text.plist.xml; path = Info.plist; sourceTree = "<group>"; };
		A36AE9CE1FB643FE00170C57 /* TimeKillerTests.xctest */ = {isa = PBXFileReference; explicitFileType = wrapper.cfbundle; includeInIndex = 0; path = TimeKillerTests.xctest; sourceTree = BUILT_PRODUCTS_DIR; };
		A36AE9D21FB643FE00170C57 /* TimeKillerTests.swift */ = {isa = PBXFileReference; lastKnownFileType = sourcecode.swift; path = TimeKillerTests.swift; sourceTree = "<group>"; };
		A36AE9D41FB643FE00170C57 /* Info.plist */ = {isa = PBXFileReference; lastKnownFileType = text.plist.xml; path = Info.plist; sourceTree = "<group>"; };
		A36AE9D91FB643FE00170C57 /* TimeKillerUITests.xctest */ = {isa = PBXFileReference; explicitFileType = wrapper.cfbundle; includeInIndex = 0; path = TimeKillerUITests.xctest; sourceTree = BUILT_PRODUCTS_DIR; };
		A36AE9DD1FB643FE00170C57 /* TimeKillerUITests.swift */ = {isa = PBXFileReference; lastKnownFileType = sourcecode.swift; path = TimeKillerUITests.swift; sourceTree = "<group>"; };
		A36AE9DF1FB643FE00170C57 /* Info.plist */ = {isa = PBXFileReference; lastKnownFileType = text.plist.xml; path = Info.plist; sourceTree = "<group>"; };
		A36AE9EB1FB713C700170C57 /* TimeView.swift */ = {isa = PBXFileReference; lastKnownFileType = sourcecode.swift; path = TimeView.swift; sourceTree = "<group>"; };
		A36AE9ED1FB761E700170C57 /* FileController.swift */ = {isa = PBXFileReference; lastKnownFileType = sourcecode.swift; path = FileController.swift; sourceTree = "<group>"; };
		E648B02A1FB877F1009CE3FE /* ChooseModeViewController.swift */ = {isa = PBXFileReference; lastKnownFileType = sourcecode.swift; path = ChooseModeViewController.swift; sourceTree = "<group>"; };
		E648B02C1FB883A4009CE3FE /* ChooseDifficultyViewController.swift */ = {isa = PBXFileReference; lastKnownFileType = sourcecode.swift; path = ChooseDifficultyViewController.swift; sourceTree = "<group>"; };
		E6DA4E641FB854CD0021FE56 /* Main.storyboard */ = {isa = PBXFileReference; lastKnownFileType = file.storyboard; path = Main.storyboard; sourceTree = "<group>"; };
		E6DA4E661FB856BD0021FE56 /* GodzillaRegular.ttf */ = {isa = PBXFileReference; lastKnownFileType = file; path = GodzillaRegular.ttf; sourceTree = "<group>"; };
		E6DA4E671FB85F020021FE56 /* StartViewController.swift */ = {isa = PBXFileReference; lastKnownFileType = sourcecode.swift; path = StartViewController.swift; sourceTree = "<group>"; };
		E6DA4E6A1FB86F520021FE56 /* TimerManager.swift */ = {isa = PBXFileReference; lastKnownFileType = sourcecode.swift; path = TimerManager.swift; sourceTree = "<group>"; };
/* End PBXFileReference section */

/* Begin PBXFrameworksBuildPhase section */
		A36AE9B71FB643FE00170C57 /* Frameworks */ = {
			isa = PBXFrameworksBuildPhase;
			buildActionMask = 2147483647;
			files = (
			);
			runOnlyForDeploymentPostprocessing = 0;
		};
		A36AE9CB1FB643FE00170C57 /* Frameworks */ = {
			isa = PBXFrameworksBuildPhase;
			buildActionMask = 2147483647;
			files = (
			);
			runOnlyForDeploymentPostprocessing = 0;
		};
		A36AE9D61FB643FE00170C57 /* Frameworks */ = {
			isa = PBXFrameworksBuildPhase;
			buildActionMask = 2147483647;
			files = (
			);
			runOnlyForDeploymentPostprocessing = 0;
		};
/* End PBXFrameworksBuildPhase section */

/* Begin PBXGroup section */
		A36AE9B11FB643FE00170C57 = {
			isa = PBXGroup;
			children = (
				A36AE9BC1FB643FE00170C57 /* TimeKiller */,
				A36AE9D11FB643FE00170C57 /* TimeKillerTests */,
				A36AE9DC1FB643FE00170C57 /* TimeKillerUITests */,
				A36AE9BB1FB643FE00170C57 /* Products */,
			);
			sourceTree = "<group>";
		};
		A36AE9BB1FB643FE00170C57 /* Products */ = {
			isa = PBXGroup;
			children = (
				A36AE9BA1FB643FE00170C57 /* TimeKiller.app */,
				A36AE9CE1FB643FE00170C57 /* TimeKillerTests.xctest */,
				A36AE9D91FB643FE00170C57 /* TimeKillerUITests.xctest */,
			);
			name = Products;
			sourceTree = "<group>";
		};
		A36AE9BC1FB643FE00170C57 /* TimeKiller */ = {
			isa = PBXGroup;
			children = (
				A36AE9BD1FB643FE00170C57 /* AppDelegate.swift */,
				A36AE9BF1FB643FE00170C57 /* ViewController.swift */,
				E6DA4E671FB85F020021FE56 /* StartViewController.swift */,
				E648B02A1FB877F1009CE3FE /* ChooseModeViewController.swift */,
				E648B02C1FB883A4009CE3FE /* ChooseDifficultyViewController.swift */,
				22F56F851FB88D3F00BFA46D /* ResultViewController.swift */,
				A36AE9C41FB643FE00170C57 /* Assets.xcassets */,
				A36AE9C61FB643FE00170C57 /* LaunchScreen.storyboard */,
				E6DA4E641FB854CD0021FE56 /* Main.storyboard */,
				E6DA4E661FB856BD0021FE56 /* GodzillaRegular.ttf */,
				A36AE9C91FB643FE00170C57 /* Info.plist */,
				A36AE9EB1FB713C700170C57 /* TimeView.swift */,
				E6DA4E6A1FB86F520021FE56 /* TimerManager.swift */,
				A36AE9ED1FB761E700170C57 /* FileController.swift */,
			);
			path = TimeKiller;
			sourceTree = "<group>";
		};
		A36AE9D11FB643FE00170C57 /* TimeKillerTests */ = {
			isa = PBXGroup;
			children = (
				A36AE9D21FB643FE00170C57 /* TimeKillerTests.swift */,
				A36AE9D41FB643FE00170C57 /* Info.plist */,
			);
			path = TimeKillerTests;
			sourceTree = "<group>";
		};
		A36AE9DC1FB643FE00170C57 /* TimeKillerUITests */ = {
			isa = PBXGroup;
			children = (
				A36AE9DD1FB643FE00170C57 /* TimeKillerUITests.swift */,
				A36AE9DF1FB643FE00170C57 /* Info.plist */,
			);
			path = TimeKillerUITests;
			sourceTree = "<group>";
		};
/* End PBXGroup section */

/* Begin PBXNativeTarget section */
		A36AE9B91FB643FE00170C57 /* TimeKiller */ = {
			isa = PBXNativeTarget;
			buildConfigurationList = A36AE9E21FB643FE00170C57 /* Build configuration list for PBXNativeTarget "TimeKiller" */;
			buildPhases = (
				A36AE9B61FB643FE00170C57 /* Sources */,
				A36AE9B71FB643FE00170C57 /* Frameworks */,
				A36AE9B81FB643FE00170C57 /* Resources */,
			);
			buildRules = (
			);
			dependencies = (
			);
			name = TimeKiller;
			productName = TimeKiller;
			productReference = A36AE9BA1FB643FE00170C57 /* TimeKiller.app */;
			productType = "com.apple.product-type.application";
		};
		A36AE9CD1FB643FE00170C57 /* TimeKillerTests */ = {
			isa = PBXNativeTarget;
			buildConfigurationList = A36AE9E51FB643FE00170C57 /* Build configuration list for PBXNativeTarget "TimeKillerTests" */;
			buildPhases = (
				A36AE9CA1FB643FE00170C57 /* Sources */,
				A36AE9CB1FB643FE00170C57 /* Frameworks */,
				A36AE9CC1FB643FE00170C57 /* Resources */,
			);
			buildRules = (
			);
			dependencies = (
				A36AE9D01FB643FE00170C57 /* PBXTargetDependency */,
			);
			name = TimeKillerTests;
			productName = TimeKillerTests;
			productReference = A36AE9CE1FB643FE00170C57 /* TimeKillerTests.xctest */;
			productType = "com.apple.product-type.bundle.unit-test";
		};
		A36AE9D81FB643FE00170C57 /* TimeKillerUITests */ = {
			isa = PBXNativeTarget;
			buildConfigurationList = A36AE9E81FB643FE00170C57 /* Build configuration list for PBXNativeTarget "TimeKillerUITests" */;
			buildPhases = (
				A36AE9D51FB643FE00170C57 /* Sources */,
				A36AE9D61FB643FE00170C57 /* Frameworks */,
				A36AE9D71FB643FE00170C57 /* Resources */,
			);
			buildRules = (
			);
			dependencies = (
				A36AE9DB1FB643FE00170C57 /* PBXTargetDependency */,
			);
			name = TimeKillerUITests;
			productName = TimeKillerUITests;
			productReference = A36AE9D91FB643FE00170C57 /* TimeKillerUITests.xctest */;
			productType = "com.apple.product-type.bundle.ui-testing";
		};
/* End PBXNativeTarget section */

/* Begin PBXProject section */
		A36AE9B21FB643FE00170C57 /* Project object */ = {
			isa = PBXProject;
			attributes = {
				LastSwiftUpdateCheck = 0910;
				LastUpgradeCheck = 0910;
				ORGANIZATIONNAME = VAndrJ;
				TargetAttributes = {
					A36AE9B91FB643FE00170C57 = {
						CreatedOnToolsVersion = 9.1;
						ProvisioningStyle = Automatic;
					};
					A36AE9CD1FB643FE00170C57 = {
						CreatedOnToolsVersion = 9.1;
						ProvisioningStyle = Automatic;
						TestTargetID = A36AE9B91FB643FE00170C57;
					};
					A36AE9D81FB643FE00170C57 = {
						CreatedOnToolsVersion = 9.1;
						ProvisioningStyle = Automatic;
						TestTargetID = A36AE9B91FB643FE00170C57;
					};
				};
			};
			buildConfigurationList = A36AE9B51FB643FE00170C57 /* Build configuration list for PBXProject "TimeKiller" */;
			compatibilityVersion = "Xcode 8.0";
			developmentRegion = en;
			hasScannedForEncodings = 0;
			knownRegions = (
				en,
				Base,
			);
			mainGroup = A36AE9B11FB643FE00170C57;
			productRefGroup = A36AE9BB1FB643FE00170C57 /* Products */;
			projectDirPath = "";
			projectRoot = "";
			targets = (
				A36AE9B91FB643FE00170C57 /* TimeKiller */,
				A36AE9CD1FB643FE00170C57 /* TimeKillerTests */,
				A36AE9D81FB643FE00170C57 /* TimeKillerUITests */,
			);
		};
/* End PBXProject section */

/* Begin PBXResourcesBuildPhase section */
		A36AE9B81FB643FE00170C57 /* Resources */ = {
			isa = PBXResourcesBuildPhase;
			buildActionMask = 2147483647;
			files = (
				E6DA4E691FB860400021FE56 /* GodzillaRegular.ttf in Resources */,
				E6DA4E651FB854CD0021FE56 /* Main.storyboard in Resources */,
				A36AE9C81FB643FE00170C57 /* LaunchScreen.storyboard in Resources */,
				A36AE9C51FB643FE00170C57 /* Assets.xcassets in Resources */,
			);
			runOnlyForDeploymentPostprocessing = 0;
		};
		A36AE9CC1FB643FE00170C57 /* Resources */ = {
			isa = PBXResourcesBuildPhase;
			buildActionMask = 2147483647;
			files = (
			);
			runOnlyForDeploymentPostprocessing = 0;
		};
		A36AE9D71FB643FE00170C57 /* Resources */ = {
			isa = PBXResourcesBuildPhase;
			buildActionMask = 2147483647;
			files = (
			);
			runOnlyForDeploymentPostprocessing = 0;
		};
/* End PBXResourcesBuildPhase section */

/* Begin PBXSourcesBuildPhase section */
		A36AE9B61FB643FE00170C57 /* Sources */ = {
			isa = PBXSourcesBuildPhase;
			buildActionMask = 2147483647;
			files = (
				E6DA4E681FB85F020021FE56 /* StartViewController.swift in Sources */,
				A36AE9C01FB643FE00170C57 /* ViewController.swift in Sources */,
				A36AE9EE1FB761E700170C57 /* FileController.swift in Sources */,
				E6DA4E6B1FB86F520021FE56 /* TimerManager.swift in Sources */,
				A36AE9BE1FB643FE00170C57 /* AppDelegate.swift in Sources */,
				E648B02B1FB877F1009CE3FE /* ChooseModeViewController.swift in Sources */,
				A36AE9EC1FB713C700170C57 /* TimeView.swift in Sources */,
				E648B02D1FB883A4009CE3FE /* ChooseDifficultyViewController.swift in Sources */,
				22F56F861FB88D3F00BFA46D /* ResultViewController.swift in Sources */,
			);
			runOnlyForDeploymentPostprocessing = 0;
		};
		A36AE9CA1FB643FE00170C57 /* Sources */ = {
			isa = PBXSourcesBuildPhase;
			buildActionMask = 2147483647;
			files = (
				A36AE9D31FB643FE00170C57 /* TimeKillerTests.swift in Sources */,
			);
			runOnlyForDeploymentPostprocessing = 0;
		};
		A36AE9D51FB643FE00170C57 /* Sources */ = {
			isa = PBXSourcesBuildPhase;
			buildActionMask = 2147483647;
			files = (
				A36AE9DE1FB643FE00170C57 /* TimeKillerUITests.swift in Sources */,
			);
			runOnlyForDeploymentPostprocessing = 0;
		};
/* End PBXSourcesBuildPhase section */

/* Begin PBXTargetDependency section */
		A36AE9D01FB643FE00170C57 /* PBXTargetDependency */ = {
			isa = PBXTargetDependency;
			target = A36AE9B91FB643FE00170C57 /* TimeKiller */;
			targetProxy = A36AE9CF1FB643FE00170C57 /* PBXContainerItemProxy */;
		};
		A36AE9DB1FB643FE00170C57 /* PBXTargetDependency */ = {
			isa = PBXTargetDependency;
			target = A36AE9B91FB643FE00170C57 /* TimeKiller */;
			targetProxy = A36AE9DA1FB643FE00170C57 /* PBXContainerItemProxy */;
		};
/* End PBXTargetDependency section */

/* Begin PBXVariantGroup section */
		A36AE9C61FB643FE00170C57 /* LaunchScreen.storyboard */ = {
			isa = PBXVariantGroup;
			children = (
				A36AE9C71FB643FE00170C57 /* Base */,
			);
			name = LaunchScreen.storyboard;
			sourceTree = "<group>";
		};
/* End PBXVariantGroup section */

/* Begin XCBuildConfiguration section */
		A36AE9E01FB643FE00170C57 /* Debug */ = {
			isa = XCBuildConfiguration;
			buildSettings = {
				ALWAYS_SEARCH_USER_PATHS = NO;
				CLANG_ANALYZER_NONNULL = YES;
				CLANG_ANALYZER_NUMBER_OBJECT_CONVERSION = YES_AGGRESSIVE;
				CLANG_CXX_LANGUAGE_STANDARD = "gnu++14";
				CLANG_CXX_LIBRARY = "libc++";
				CLANG_ENABLE_MODULES = YES;
				CLANG_ENABLE_OBJC_ARC = YES;
				CLANG_WARN_BLOCK_CAPTURE_AUTORELEASING = YES;
				CLANG_WARN_BOOL_CONVERSION = YES;
				CLANG_WARN_COMMA = YES;
				CLANG_WARN_CONSTANT_CONVERSION = YES;
				CLANG_WARN_DIRECT_OBJC_ISA_USAGE = YES_ERROR;
				CLANG_WARN_DOCUMENTATION_COMMENTS = YES;
				CLANG_WARN_EMPTY_BODY = YES;
				CLANG_WARN_ENUM_CONVERSION = YES;
				CLANG_WARN_INFINITE_RECURSION = YES;
				CLANG_WARN_INT_CONVERSION = YES;
				CLANG_WARN_NON_LITERAL_NULL_CONVERSION = YES;
				CLANG_WARN_OBJC_LITERAL_CONVERSION = YES;
				CLANG_WARN_OBJC_ROOT_CLASS = YES_ERROR;
				CLANG_WARN_RANGE_LOOP_ANALYSIS = YES;
				CLANG_WARN_STRICT_PROTOTYPES = YES;
				CLANG_WARN_SUSPICIOUS_MOVE = YES;
				CLANG_WARN_UNGUARDED_AVAILABILITY = YES_AGGRESSIVE;
				CLANG_WARN_UNREACHABLE_CODE = YES;
				CLANG_WARN__DUPLICATE_METHOD_MATCH = YES;
				CODE_SIGN_IDENTITY = "iPhone Developer";
				COPY_PHASE_STRIP = NO;
				DEBUG_INFORMATION_FORMAT = dwarf;
				ENABLE_STRICT_OBJC_MSGSEND = YES;
				ENABLE_TESTABILITY = YES;
				GCC_C_LANGUAGE_STANDARD = gnu11;
				GCC_DYNAMIC_NO_PIC = NO;
				GCC_NO_COMMON_BLOCKS = YES;
				GCC_OPTIMIZATION_LEVEL = 0;
				GCC_PREPROCESSOR_DEFINITIONS = (
					"DEBUG=1",
					"$(inherited)",
				);
				GCC_WARN_64_TO_32_BIT_CONVERSION = YES;
				GCC_WARN_ABOUT_RETURN_TYPE = YES_ERROR;
				GCC_WARN_UNDECLARED_SELECTOR = YES;
				GCC_WARN_UNINITIALIZED_AUTOS = YES_AGGRESSIVE;
				GCC_WARN_UNUSED_FUNCTION = YES;
				GCC_WARN_UNUSED_VARIABLE = YES;
				IPHONEOS_DEPLOYMENT_TARGET = 11.1;
				MTL_ENABLE_DEBUG_INFO = YES;
				ONLY_ACTIVE_ARCH = YES;
				SDKROOT = iphoneos;
				SWIFT_ACTIVE_COMPILATION_CONDITIONS = DEBUG;
				SWIFT_OPTIMIZATION_LEVEL = "-Onone";
			};
			name = Debug;
		};
		A36AE9E11FB643FE00170C57 /* Release */ = {
			isa = XCBuildConfiguration;
			buildSettings = {
				ALWAYS_SEARCH_USER_PATHS = NO;
				CLANG_ANALYZER_NONNULL = YES;
				CLANG_ANALYZER_NUMBER_OBJECT_CONVERSION = YES_AGGRESSIVE;
				CLANG_CXX_LANGUAGE_STANDARD = "gnu++14";
				CLANG_CXX_LIBRARY = "libc++";
				CLANG_ENABLE_MODULES = YES;
				CLANG_ENABLE_OBJC_ARC = YES;
				CLANG_WARN_BLOCK_CAPTURE_AUTORELEASING = YES;
				CLANG_WARN_BOOL_CONVERSION = YES;
				CLANG_WARN_COMMA = YES;
				CLANG_WARN_CONSTANT_CONVERSION = YES;
				CLANG_WARN_DIRECT_OBJC_ISA_USAGE = YES_ERROR;
				CLANG_WARN_DOCUMENTATION_COMMENTS = YES;
				CLANG_WARN_EMPTY_BODY = YES;
				CLANG_WARN_ENUM_CONVERSION = YES;
				CLANG_WARN_INFINITE_RECURSION = YES;
				CLANG_WARN_INT_CONVERSION = YES;
				CLANG_WARN_NON_LITERAL_NULL_CONVERSION = YES;
				CLANG_WARN_OBJC_LITERAL_CONVERSION = YES;
				CLANG_WARN_OBJC_ROOT_CLASS = YES_ERROR;
				CLANG_WARN_RANGE_LOOP_ANALYSIS = YES;
				CLANG_WARN_STRICT_PROTOTYPES = YES;
				CLANG_WARN_SUSPICIOUS_MOVE = YES;
				CLANG_WARN_UNGUARDED_AVAILABILITY = YES_AGGRESSIVE;
				CLANG_WARN_UNREACHABLE_CODE = YES;
				CLANG_WARN__DUPLICATE_METHOD_MATCH = YES;
				CODE_SIGN_IDENTITY = "iPhone Developer";
				COPY_PHASE_STRIP = NO;
				DEBUG_INFORMATION_FORMAT = "dwarf-with-dsym";
				ENABLE_NS_ASSERTIONS = NO;
				ENABLE_STRICT_OBJC_MSGSEND = YES;
				GCC_C_LANGUAGE_STANDARD = gnu11;
				GCC_NO_COMMON_BLOCKS = YES;
				GCC_WARN_64_TO_32_BIT_CONVERSION = YES;
				GCC_WARN_ABOUT_RETURN_TYPE = YES_ERROR;
				GCC_WARN_UNDECLARED_SELECTOR = YES;
				GCC_WARN_UNINITIALIZED_AUTOS = YES_AGGRESSIVE;
				GCC_WARN_UNUSED_FUNCTION = YES;
				GCC_WARN_UNUSED_VARIABLE = YES;
				IPHONEOS_DEPLOYMENT_TARGET = 11.1;
				MTL_ENABLE_DEBUG_INFO = NO;
				SDKROOT = iphoneos;
				SWIFT_OPTIMIZATION_LEVEL = "-Owholemodule";
				VALIDATE_PRODUCT = YES;
			};
			name = Release;
		};
		A36AE9E31FB643FE00170C57 /* Debug */ = {
			isa = XCBuildConfiguration;
			buildSettings = {
				ASSETCATALOG_COMPILER_APPICON_NAME = AppIcon;
				CODE_SIGN_STYLE = Automatic;
				DEVELOPMENT_TEAM = 47ER6JWHZU;
				INFOPLIST_FILE = TimeKiller/Info.plist;
				IPHONEOS_DEPLOYMENT_TARGET = 11.0;
				LD_RUNPATH_SEARCH_PATHS = "$(inherited) @executable_path/Frameworks";
				PRODUCT_BUNDLE_IDENTIFIER = com.vandrj.TimeKiller;
				PRODUCT_NAME = "$(TARGET_NAME)";
				SWIFT_VERSION = 4.0;
				TARGETED_DEVICE_FAMILY = "1,2";
			};
			name = Debug;
		};
		A36AE9E41FB643FE00170C57 /* Release */ = {
			isa = XCBuildConfiguration;
			buildSettings = {
				ASSETCATALOG_COMPILER_APPICON_NAME = AppIcon;
				CODE_SIGN_STYLE = Automatic;
				DEVELOPMENT_TEAM = 47ER6JWHZU;
				INFOPLIST_FILE = TimeKiller/Info.plist;
				IPHONEOS_DEPLOYMENT_TARGET = 11.0;
				LD_RUNPATH_SEARCH_PATHS = "$(inherited) @executable_path/Frameworks";
				PRODUCT_BUNDLE_IDENTIFIER = com.vandrj.TimeKiller;
				PRODUCT_NAME = "$(TARGET_NAME)";
				SWIFT_VERSION = 4.0;
				TARGETED_DEVICE_FAMILY = "1,2";
			};
			name = Release;
		};
		A36AE9E61FB643FE00170C57 /* Debug */ = {
			isa = XCBuildConfiguration;
			buildSettings = {
				ALWAYS_EMBED_SWIFT_STANDARD_LIBRARIES = YES;
				BUNDLE_LOADER = "$(TEST_HOST)";
				CODE_SIGN_STYLE = Automatic;
				INFOPLIST_FILE = TimeKillerTests/Info.plist;
				LD_RUNPATH_SEARCH_PATHS = "$(inherited) @executable_path/Frameworks @loader_path/Frameworks";
				PRODUCT_BUNDLE_IDENTIFIER = com.vandrj.TimeKillerTests;
				PRODUCT_NAME = "$(TARGET_NAME)";
				SWIFT_VERSION = 4.0;
				TARGETED_DEVICE_FAMILY = "1,2";
				TEST_HOST = "$(BUILT_PRODUCTS_DIR)/TimeKiller.app/TimeKiller";
			};
			name = Debug;
		};
		A36AE9E71FB643FE00170C57 /* Release */ = {
			isa = XCBuildConfiguration;
			buildSettings = {
				ALWAYS_EMBED_SWIFT_STANDARD_LIBRARIES = YES;
				BUNDLE_LOADER = "$(TEST_HOST)";
				CODE_SIGN_STYLE = Automatic;
				INFOPLIST_FILE = TimeKillerTests/Info.plist;
				LD_RUNPATH_SEARCH_PATHS = "$(inherited) @executable_path/Frameworks @loader_path/Frameworks";
				PRODUCT_BUNDLE_IDENTIFIER = com.vandrj.TimeKillerTests;
				PRODUCT_NAME = "$(TARGET_NAME)";
				SWIFT_VERSION = 4.0;
				TARGETED_DEVICE_FAMILY = "1,2";
				TEST_HOST = "$(BUILT_PRODUCTS_DIR)/TimeKiller.app/TimeKiller";
			};
			name = Release;
		};
		A36AE9E91FB643FE00170C57 /* Debug */ = {
			isa = XCBuildConfiguration;
			buildSettings = {
				ALWAYS_EMBED_SWIFT_STANDARD_LIBRARIES = YES;
				CODE_SIGN_STYLE = Automatic;
				INFOPLIST_FILE = TimeKillerUITests/Info.plist;
				LD_RUNPATH_SEARCH_PATHS = "$(inherited) @executable_path/Frameworks @loader_path/Frameworks";
				PRODUCT_BUNDLE_IDENTIFIER = com.vandrj.TimeKillerUITests;
				PRODUCT_NAME = "$(TARGET_NAME)";
				SWIFT_VERSION = 4.0;
				TARGETED_DEVICE_FAMILY = "1,2";
				TEST_TARGET_NAME = TimeKiller;
			};
			name = Debug;
		};
		A36AE9EA1FB643FE00170C57 /* Release */ = {
			isa = XCBuildConfiguration;
			buildSettings = {
				ALWAYS_EMBED_SWIFT_STANDARD_LIBRARIES = YES;
				CODE_SIGN_STYLE = Automatic;
				INFOPLIST_FILE = TimeKillerUITests/Info.plist;
				LD_RUNPATH_SEARCH_PATHS = "$(inherited) @executable_path/Frameworks @loader_path/Frameworks";
				PRODUCT_BUNDLE_IDENTIFIER = com.vandrj.TimeKillerUITests;
				PRODUCT_NAME = "$(TARGET_NAME)";
				SWIFT_VERSION = 4.0;
				TARGETED_DEVICE_FAMILY = "1,2";
				TEST_TARGET_NAME = TimeKiller;
			};
			name = Release;
		};
/* End XCBuildConfiguration section */

/* Begin XCConfigurationList section */
		A36AE9B51FB643FE00170C57 /* Build configuration list for PBXProject "TimeKiller" */ = {
			isa = XCConfigurationList;
			buildConfigurations = (
				A36AE9E01FB643FE00170C57 /* Debug */,
				A36AE9E11FB643FE00170C57 /* Release */,
			);
			defaultConfigurationIsVisible = 0;
			defaultConfigurationName = Release;
		};
		A36AE9E21FB643FE00170C57 /* Build configuration list for PBXNativeTarget "TimeKiller" */ = {
			isa = XCConfigurationList;
			buildConfigurations = (
				A36AE9E31FB643FE00170C57 /* Debug */,
				A36AE9E41FB643FE00170C57 /* Release */,
			);
			defaultConfigurationIsVisible = 0;
			defaultConfigurationName = Release;
		};
		A36AE9E51FB643FE00170C57 /* Build configuration list for PBXNativeTarget "TimeKillerTests" */ = {
			isa = XCConfigurationList;
			buildConfigurations = (
				A36AE9E61FB643FE00170C57 /* Debug */,
				A36AE9E71FB643FE00170C57 /* Release */,
			);
			defaultConfigurationIsVisible = 0;
			defaultConfigurationName = Release;
		};
		A36AE9E81FB643FE00170C57 /* Build configuration list for PBXNativeTarget "TimeKillerUITests" */ = {
			isa = XCConfigurationList;
			buildConfigurations = (
				A36AE9E91FB643FE00170C57 /* Debug */,
				A36AE9EA1FB643FE00170C57 /* Release */,
			);
			defaultConfigurationIsVisible = 0;
			defaultConfigurationName = Release;
		};
/* End XCConfigurationList section */
	};
	rootObject = A36AE9B21FB643FE00170C57 /* Project object */;
}
